
Microsoft Visual Studio Solution File, Format Version 12.00
# Visual Studio Version 16
VisualStudioVersion = 16.6.30114.105
MinimumVisualStudioVersion = 10.0.40219.1
Project("{FAE04EC0-301F-11D3-BF4B-00C04F79EFBC}") = "CalovoParser", "CalovoParser\CalovoParser.csproj", "{55947D92-4E90-431A-97F1-32516A68C001}"
EndProject
Project("{FAE04EC0-301F-11D3-BF4B-00C04F79EFBC}") = "ShowCase", "ShowCase\ShowCase.csproj", "{7D71A649-C3AB-4E99-BB2A-448D51F52ECD}"
EndProject
Project("{FAE04EC0-301F-11D3-BF4B-00C04F79EFBC}") = "CalovoParserTest", "CalovoParserTest\CalovoParserTest.csproj", "{CF810865-039B-4335-89D0-34C2D543DEA0}"
EndProject
Global
	GlobalSection(SolutionConfigurationPlatforms) = preSolution
		Debug|Any CPU = Debug|Any CPU
		Debug|x64 = Debug|x64
		Debug|x86 = Debug|x86
		Release|Any CPU = Release|Any CPU
		Release|x64 = Release|x64
		Release|x86 = Release|x86
	EndGlobalSection
	GlobalSection(SolutionProperties) = preSolution
		HideSolutionNode = FALSE
	EndGlobalSection
	GlobalSection(ProjectConfigurationPlatforms) = postSolution
		{55947D92-4E90-431A-97F1-32516A68C001}.Debug|Any CPU.ActiveCfg = Debug|Any CPU
		{55947D92-4E90-431A-97F1-32516A68C001}.Debug|Any CPU.Build.0 = Debug|Any CPU
		{55947D92-4E90-431A-97F1-32516A68C001}.Debug|x64.ActiveCfg = Debug|Any CPU
		{55947D92-4E90-431A-97F1-32516A68C001}.Debug|x64.Build.0 = Debug|Any CPU
		{55947D92-4E90-431A-97F1-32516A68C001}.Debug|x86.ActiveCfg = Debug|Any CPU
		{55947D92-4E90-431A-97F1-32516A68C001}.Debug|x86.Build.0 = Debug|Any CPU
		{55947D92-4E90-431A-97F1-32516A68C001}.Release|Any CPU.ActiveCfg = Release|Any CPU
		{55947D92-4E90-431A-97F1-32516A68C001}.Release|Any CPU.Build.0 = Release|Any CPU
		{55947D92-4E90-431A-97F1-32516A68C001}.Release|x64.ActiveCfg = Release|Any CPU
		{55947D92-4E90-431A-97F1-32516A68C001}.Release|x64.Build.0 = Release|Any CPU
		{55947D92-4E90-431A-97F1-32516A68C001}.Release|x86.ActiveCfg = Release|Any CPU
		{55947D92-4E90-431A-97F1-32516A68C001}.Release|x86.Build.0 = Release|Any CPU
		{7D71A649-C3AB-4E99-BB2A-448D51F52ECD}.Debug|Any CPU.ActiveCfg = Debug|Any CPU
		{7D71A649-C3AB-4E99-BB2A-448D51F52ECD}.Debug|Any CPU.Build.0 = Debug|Any CPU
		{7D71A649-C3AB-4E99-BB2A-448D51F52ECD}.Debug|x64.ActiveCfg = Debug|Any CPU
		{7D71A649-C3AB-4E99-BB2A-448D51F52ECD}.Debug|x64.Build.0 = Debug|Any CPU
		{7D71A649-C3AB-4E99-BB2A-448D51F52ECD}.Debug|x86.ActiveCfg = Debug|Any CPU
		{7D71A649-C3AB-4E99-BB2A-448D51F52ECD}.Debug|x86.Build.0 = Debug|Any CPU
		{7D71A649-C3AB-4E99-BB2A-448D51F52ECD}.Release|Any CPU.ActiveCfg = Release|Any CPU
		{7D71A649-C3AB-4E99-BB2A-448D51F52ECD}.Release|Any CPU.Build.0 = Release|Any CPU
		{7D71A649-C3AB-4E99-BB2A-448D51F52ECD}.Release|x64.ActiveCfg = Release|Any CPU
		{7D71A649-C3AB-4E99-BB2A-448D51F52ECD}.Release|x64.Build.0 = Release|Any CPU
		{7D71A649-C3AB-4E99-BB2A-448D51F52ECD}.Release|x86.ActiveCfg = Release|Any CPU
		{7D71A649-C3AB-4E99-BB2A-448D51F52ECD}.Release|x86.Build.0 = Release|Any CPU
		{CF810865-039B-4335-89D0-34C2D543DEA0}.Debug|Any CPU.ActiveCfg = Debug|Any CPU
		{CF810865-039B-4335-89D0-34C2D543DEA0}.Debug|Any CPU.Build.0 = Debug|Any CPU
		{CF810865-039B-4335-89D0-34C2D543DEA0}.Debug|x64.ActiveCfg = Debug|Any CPU
		{CF810865-039B-4335-89D0-34C2D543DEA0}.Debug|x64.Build.0 = Debug|Any CPU
		{CF810865-039B-4335-89D0-34C2D543DEA0}.Debug|x86.ActiveCfg = Debug|Any CPU
		{CF810865-039B-4335-89D0-34C2D543DEA0}.Debug|x86.Build.0 = Debug|Any CPU
		{CF810865-039B-4335-89D0-34C2D543DEA0}.Release|Any CPU.ActiveCfg = Release|Any CPU
		{CF810865-039B-4335-89D0-34C2D543DEA0}.Release|Any CPU.Build.0 = Release|Any CPU
		{CF810865-039B-4335-89D0-34C2D543DEA0}.Release|x64.ActiveCfg = Release|Any CPU
		{CF810865-039B-4335-89D0-34C2D543DEA0}.Release|x64.Build.0 = Release|Any CPU
		{CF810865-039B-4335-89D0-34C2D543DEA0}.Release|x86.ActiveCfg = Release|Any CPU
		{CF810865-039B-4335-89D0-34C2D543DEA0}.Release|x86.Build.0 = Release|Any CPU
	EndGlobalSection
EndGlobal
