
Microsoft Visual Studio Solution File, Format Version 12.00
# Visual Studio Version 16
VisualStudioVersion = 16.6.30114.105
MinimumVisualStudioVersion = 10.0.40219.1
Project("{FAE04EC0-301F-11D3-BF4B-00C04F79EFBC}") = "CalovoParser", "..\CalovoParser\CalovoParser.csproj", "{9908158C-3298-44E4-8E62-E297360C0223}"
EndProject
Project("{FAE04EC0-301F-11D3-BF4B-00C04F79EFBC}") = "CalovoParser.Tests", "CalovoParser.Tests\CalovoParser.Tests.csproj", "{A340C236-1C6B-4C67-B120-D00FE2C0248E}"
EndProject
Global
	GlobalSection(SolutionConfigurationPlatforms) = preSolution
		Debug|Any CPU = Debug|Any CPU
		Debug|x64 = Debug|x64
		Debug|x86 = Debug|x86
		Release|Any CPU = Release|Any CPU
		Release|x64 = Release|x64
		Release|x86 = Release|x86
	EndGlobalSection
	GlobalSection(SolutionProperties) = preSolution
		HideSolutionNode = FALSE
	EndGlobalSection
	GlobalSection(ProjectConfigurationPlatforms) = postSolution
		{9908158C-3298-44E4-8E62-E297360C0223}.Debug|Any CPU.ActiveCfg = Debug|Any CPU
		{9908158C-3298-44E4-8E62-E297360C0223}.Debug|Any CPU.Build.0 = Debug|Any CPU
		{9908158C-3298-44E4-8E62-E297360C0223}.Debug|x64.ActiveCfg = Debug|Any CPU
		{9908158C-3298-44E4-8E62-E297360C0223}.Debug|x64.Build.0 = Debug|Any CPU
		{9908158C-3298-44E4-8E62-E297360C0223}.Debug|x86.ActiveCfg = Debug|Any CPU
		{9908158C-3298-44E4-8E62-E297360C0223}.Debug|x86.Build.0 = Debug|Any CPU
		{9908158C-3298-44E4-8E62-E297360C0223}.Release|Any CPU.ActiveCfg = Release|Any CPU
		{9908158C-3298-44E4-8E62-E297360C0223}.Release|Any CPU.Build.0 = Release|Any CPU
		{9908158C-3298-44E4-8E62-E297360C0223}.Release|x64.ActiveCfg = Release|Any CPU
		{9908158C-3298-44E4-8E62-E297360C0223}.Release|x64.Build.0 = Release|Any CPU
		{9908158C-3298-44E4-8E62-E297360C0223}.Release|x86.ActiveCfg = Release|Any CPU
		{9908158C-3298-44E4-8E62-E297360C0223}.Release|x86.Build.0 = Release|Any CPU
		{A340C236-1C6B-4C67-B120-D00FE2C0248E}.Debug|Any CPU.ActiveCfg = Debug|Any CPU
		{A340C236-1C6B-4C67-B120-D00FE2C0248E}.Debug|Any CPU.Build.0 = Debug|Any CPU
		{A340C236-1C6B-4C67-B120-D00FE2C0248E}.Debug|x64.ActiveCfg = Debug|Any CPU
		{A340C236-1C6B-4C67-B120-D00FE2C0248E}.Debug|x64.Build.0 = Debug|Any CPU
		{A340C236-1C6B-4C67-B120-D00FE2C0248E}.Debug|x86.ActiveCfg = Debug|Any CPU
		{A340C236-1C6B-4C67-B120-D00FE2C0248E}.Debug|x86.Build.0 = Debug|Any CPU
		{A340C236-1C6B-4C67-B120-D00FE2C0248E}.Release|Any CPU.ActiveCfg = Release|Any CPU
		{A340C236-1C6B-4C67-B120-D00FE2C0248E}.Release|Any CPU.Build.0 = Release|Any CPU
		{A340C236-1C6B-4C67-B120-D00FE2C0248E}.Release|x64.ActiveCfg = Release|Any CPU
		{A340C236-1C6B-4C67-B120-D00FE2C0248E}.Release|x64.Build.0 = Release|Any CPU
		{A340C236-1C6B-4C67-B120-D00FE2C0248E}.Release|x86.ActiveCfg = Release|Any CPU
		{A340C236-1C6B-4C67-B120-D00FE2C0248E}.Release|x86.Build.0 = Release|Any CPU
	EndGlobalSection
EndGlobal
